
Microsoft Visual Studio Solution File, Format Version 12.00
# Visual Studio Version 17
VisualStudioVersion = 17.5.33530.505
MinimumVisualStudioVersion = 10.0.40219.1
Project("{FAE04EC0-301F-11D3-BF4B-00C04F79EFBC}") = "RedisGeoProcessingDemo", "RedisGeoProcessingDemo\RedisGeoProcessingDemo.csproj", "{3BEB20F5-2211-403D-A11D-3FA3D6F36096}"
EndProject
Global
	GlobalSection(SolutionConfigurationPlatforms) = preSolution
		Debug|Any CPU = Debug|Any CPU
		Release|Any CPU = Release|Any CPU
	EndGlobalSection
	GlobalSection(ProjectConfigurationPlatforms) = postSolution
		{3BEB20F5-2211-403D-A11D-3FA3D6F36096}.Debug|Any CPU.ActiveCfg = Debug|Any CPU
		{3BEB20F5-2211-403D-A11D-3FA3D6F36096}.Debug|Any CPU.Build.0 = Debug|Any CPU
		{3BEB20F5-2211-403D-A11D-3FA3D6F36096}.Release|Any CPU.ActiveCfg = Release|Any CPU
		{3BEB20F5-2211-403D-A11D-3FA3D6F36096}.Release|Any CPU.Build.0 = Release|Any CPU
	EndGlobalSection
	GlobalSection(SolutionProperties) = preSolution
		HideSolutionNode = FALSE
	EndGlobalSection
	GlobalSection(ExtensibilityGlobals) = postSolution
		SolutionGuid = {3E82DFD0-EEE7-44B2-AE73-11B56C3E24F6}
	EndGlobalSection
EndGlobal
